
Microsoft Visual Studio Solution File, Format Version 12.00
# Visual Studio Version 17
VisualStudioVersion = 17.10.35013.160
MinimumVisualStudioVersion = 10.0.40219.1
Project("{FAE04EC0-301F-11D3-BF4B-00C04F79EFBC}") = "ClinicSystem", "ClinicSystem.csproj", "{78D38E30-C666-4275-85B2-D70FE3A02502}"
EndProject
Global
	GlobalSection(SolutionConfigurationPlatforms) = preSolution
		Debug|Any CPU = Debug|Any CPU
		Release|Any CPU = Release|Any CPU
	EndGlobalSection
	GlobalSection(ProjectConfigurationPlatforms) = postSolution
		{78D38E30-C666-4275-85B2-D70FE3A02502}.Debug|Any CPU.ActiveCfg = Debug|Any CPU
		{78D38E30-C666-4275-85B2-D70FE3A02502}.Debug|Any CPU.Build.0 = Debug|Any CPU
		{78D38E30-C666-4275-85B2-D70FE3A02502}.Release|Any CPU.ActiveCfg = Release|Any CPU
		{78D38E30-C666-4275-85B2-D70FE3A02502}.Release|Any CPU.Build.0 = Release|Any CPU
	EndGlobalSection
	GlobalSection(SolutionProperties) = preSolution
		HideSolutionNode = FALSE
	EndGlobalSection
	GlobalSection(ExtensibilityGlobals) = postSolution
		SolutionGuid = {B7F70DD6-8BA6-4809-B3AA-9AF8D5667F4F}
	EndGlobalSection
EndGlobal
