
Microsoft Visual Studio Solution File, Format Version 12.00
# Visual Studio Version 17
VisualStudioVersion = 17.10.35013.160
MinimumVisualStudioVersion = 10.0.40219.1
Project("{FAE04EC0-301F-11D3-BF4B-00C04F79EFBC}") = "Session-3", "Session-3.csproj", "{07E45E7C-5ABE-4BD0-8BE6-F01B6B2D5747}"
EndProject
Global
	GlobalSection(SolutionConfigurationPlatforms) = preSolution
		Debug|Any CPU = Debug|Any CPU
		Release|Any CPU = Release|Any CPU
	EndGlobalSection
	GlobalSection(ProjectConfigurationPlatforms) = postSolution
		{07E45E7C-5ABE-4BD0-8BE6-F01B6B2D5747}.Debug|Any CPU.ActiveCfg = Debug|Any CPU
		{07E45E7C-5ABE-4BD0-8BE6-F01B6B2D5747}.Debug|Any CPU.Build.0 = Debug|Any CPU
		{07E45E7C-5ABE-4BD0-8BE6-F01B6B2D5747}.Release|Any CPU.ActiveCfg = Release|Any CPU
		{07E45E7C-5ABE-4BD0-8BE6-F01B6B2D5747}.Release|Any CPU.Build.0 = Release|Any CPU
	EndGlobalSection
	GlobalSection(SolutionProperties) = preSolution
		HideSolutionNode = FALSE
	EndGlobalSection
	GlobalSection(ExtensibilityGlobals) = postSolution
		SolutionGuid = {2ED51163-5CDB-4E20-86B8-5CF0A9A8D969}
	EndGlobalSection
EndGlobal
