
Microsoft Visual Studio Solution File, Format Version 12.00
# Visual Studio Version 17
VisualStudioVersion = 17.10.35013.160
MinimumVisualStudioVersion = 10.0.40219.1
Project("{9A19103F-16F7-4668-BE54-9A1E7A4F7556}") = "QueueLab", "QueueLab.csproj", "{E8AE78F5-2912-4853-B297-E38A14F184FF}"
EndProject
Project("{2150E333-8FDC-42A3-9474-1A3956D46DE8}") = "Solution Items", "Solution Items", "{1BD9D388-9592-4BC0-97C1-E8EA4DBE1AEF}"
EndProject
Global
	GlobalSection(SolutionConfigurationPlatforms) = preSolution
		Debug|Any CPU = Debug|Any CPU
		Release|Any CPU = Release|Any CPU
	EndGlobalSection
	GlobalSection(ProjectConfigurationPlatforms) = postSolution
		{E8AE78F5-2912-4853-B297-E38A14F184FF}.Debug|Any CPU.ActiveCfg = Debug|Any CPU
		{E8AE78F5-2912-4853-B297-E38A14F184FF}.Debug|Any CPU.Build.0 = Debug|Any CPU
		{E8AE78F5-2912-4853-B297-E38A14F184FF}.Release|Any CPU.ActiveCfg = Release|Any CPU
		{E8AE78F5-2912-4853-B297-E38A14F184FF}.Release|Any CPU.Build.0 = Release|Any CPU
	EndGlobalSection
	GlobalSection(SolutionProperties) = preSolution
		HideSolutionNode = FALSE
	EndGlobalSection
	GlobalSection(ExtensibilityGlobals) = postSolution
		SolutionGuid = {E61CA965-03AB-458B-BA4E-420B661C16B6}
	EndGlobalSection
EndGlobal
