
Microsoft Visual Studio Solution File, Format Version 12.00
# Visual Studio Version 17
VisualStudioVersion = 17.10.35013.160
MinimumVisualStudioVersion = 10.0.40219.1
Project("{FAE04EC0-301F-11D3-BF4B-00C04F79EFBC}") = "Lab", "Lab.csproj", "{143208E1-7865-43EC-9F0C-8AF387F195BB}"
EndProject
Global
	GlobalSection(SolutionConfigurationPlatforms) = preSolution
		Debug|Any CPU = Debug|Any CPU
		Release|Any CPU = Release|Any CPU
	EndGlobalSection
	GlobalSection(ProjectConfigurationPlatforms) = postSolution
		{143208E1-7865-43EC-9F0C-8AF387F195BB}.Debug|Any CPU.ActiveCfg = Debug|Any CPU
		{143208E1-7865-43EC-9F0C-8AF387F195BB}.Debug|Any CPU.Build.0 = Debug|Any CPU
		{143208E1-7865-43EC-9F0C-8AF387F195BB}.Release|Any CPU.ActiveCfg = Release|Any CPU
		{143208E1-7865-43EC-9F0C-8AF387F195BB}.Release|Any CPU.Build.0 = Release|Any CPU
	EndGlobalSection
	GlobalSection(SolutionProperties) = preSolution
		HideSolutionNode = FALSE
	EndGlobalSection
	GlobalSection(ExtensibilityGlobals) = postSolution
		SolutionGuid = {C40E76AC-B9C5-41E6-AB39-1630F78E2DFC}
	EndGlobalSection
EndGlobal
