
Microsoft Visual Studio Solution File, Format Version 12.00
# Visual Studio Version 17
VisualStudioVersion = 17.10.35013.160
MinimumVisualStudioVersion = 10.0.40219.1
Project("{FAE04EC0-301F-11D3-BF4B-00C04F79EFBC}") = "Course", "Course.csproj", "{ED91241A-C5B4-410F-98BC-5DF30408A546}"
EndProject
Global
	GlobalSection(SolutionConfigurationPlatforms) = preSolution
		Debug|Any CPU = Debug|Any CPU
		Release|Any CPU = Release|Any CPU
	EndGlobalSection
	GlobalSection(ProjectConfigurationPlatforms) = postSolution
		{ED91241A-C5B4-410F-98BC-5DF30408A546}.Debug|Any CPU.ActiveCfg = Debug|Any CPU
		{ED91241A-C5B4-410F-98BC-5DF30408A546}.Debug|Any CPU.Build.0 = Debug|Any CPU
		{ED91241A-C5B4-410F-98BC-5DF30408A546}.Release|Any CPU.ActiveCfg = Release|Any CPU
		{ED91241A-C5B4-410F-98BC-5DF30408A546}.Release|Any CPU.Build.0 = Release|Any CPU
	EndGlobalSection
	GlobalSection(SolutionProperties) = preSolution
		HideSolutionNode = FALSE
	EndGlobalSection
	GlobalSection(ExtensibilityGlobals) = postSolution
		SolutionGuid = {E4015A2A-8D86-4B51-8CCE-C577C21A7C10}
	EndGlobalSection
EndGlobal
