
Microsoft Visual Studio Solution File, Format Version 12.00
# Visual Studio Version 17
VisualStudioVersion = 17.10.35013.160
MinimumVisualStudioVersion = 10.0.40219.1
Project("{FAE04EC0-301F-11D3-BF4B-00C04F79EFBC}") = "API-Lab", "API-Lab.csproj", "{D727D210-76C8-4BE7-93DB-FE02788DEE53}"
EndProject
Global
	GlobalSection(SolutionConfigurationPlatforms) = preSolution
		Debug|Any CPU = Debug|Any CPU
		Release|Any CPU = Release|Any CPU
	EndGlobalSection
	GlobalSection(ProjectConfigurationPlatforms) = postSolution
		{D727D210-76C8-4BE7-93DB-FE02788DEE53}.Debug|Any CPU.ActiveCfg = Debug|Any CPU
		{D727D210-76C8-4BE7-93DB-FE02788DEE53}.Debug|Any CPU.Build.0 = Debug|Any CPU
		{D727D210-76C8-4BE7-93DB-FE02788DEE53}.Release|Any CPU.ActiveCfg = Release|Any CPU
		{D727D210-76C8-4BE7-93DB-FE02788DEE53}.Release|Any CPU.Build.0 = Release|Any CPU
	EndGlobalSection
	GlobalSection(SolutionProperties) = preSolution
		HideSolutionNode = FALSE
	EndGlobalSection
	GlobalSection(ExtensibilityGlobals) = postSolution
		SolutionGuid = {CEE6E1A4-DC0F-48D7-958F-C1B6CAFF2815}
	EndGlobalSection
EndGlobal
